PODS:
  - CocoaAsyncSocket (7.6.3)

DEPENDENCIES:
  - CocoaAsyncSocket

SPEC REPOS:
  https://github.com/CocoaPods/Specs.git:
    - CocoaAsyncSocket

SPEC CHECKSUMS:
  CocoaAsyncSocket: eafaa68a7e0ec99ead0a7b35015e0bf25d2c8987

PODFILE CHECKSUM: b4f8812a31ce358474dea3bbadf3f348503dc2b4

COCOAPODS: 1.5.0.beta.1
